
Microsoft Visual Studio Solution File, Format Version 12.00
# Visual Studio Version 16
VisualStudioVersion = 16.0.30804.86
MinimumVisualStudioVersion = 10.0.40219.1
Project("{2150E333-8FDC-42A3-9474-1A3956D46DE8}") = "Services", "Services", "{4BFC6623-B308-4123-9731-AEB6511B5821}"
EndProject
Project("{2150E333-8FDC-42A3-9474-1A3956D46DE8}") = "src", "src", "{E3AE1524-73B9-423B-8B0F-4F9E5F3F30C7}"
EndProject
Project("{2150E333-8FDC-42A3-9474-1A3956D46DE8}") = "Solution Items", "Solution Items", "{90B19446-65EE-4AF0-8EAB-3E2A9F9B3503}"
EndProject
Project("{2150E333-8FDC-42A3-9474-1A3956D46DE8}") = "BuildingBlocks", "BuildingBlocks", "{13DB7522-5147-43BB-B26C-439591BCB502}"
EndProject
Project("{2150E333-8FDC-42A3-9474-1A3956D46DE8}") = "ApiEndpoints", "ApiEndpoints", "{C97C289E-B4A3-4840-AD4D-0C7DAE4150C8}"
EndProject
Project("{2150E333-8FDC-42A3-9474-1A3956D46DE8}") = "Authentication", "Authentication", "{BBF55567-E0E1-413F-85D1-2C953991A9DD}"
EndProject
Project("{9A19103F-16F7-4668-BE54-9A1E7A4F7556}") = "Authentication.API", "src\Services\Authentication\Authentication.API\Authentication.API.csproj", "{C7228031-CFEF-419D-B209-C7EF33068D51}"
EndProject
Project("{9A19103F-16F7-4668-BE54-9A1E7A4F7556}") = "Dashboard.Api.TheMovieDb", "src\ApiEndpoints\Dashboard.Api.TheMovieDb\Dashboard.Api.TheMovieDb.csproj", "{5C33C791-DBBC-4503-8A1D-1BB075D65E43}"
EndProject
Project("{9A19103F-16F7-4668-BE54-9A1E7A4F7556}") = "Dashboard.API", "src\Services\Dashboard\Dashboard\Dashboard.API.csproj", "{6A4AEF9B-4E56-4AA7-B1F9-63EF31B7D2E6}"
EndProject
Project("{2150E333-8FDC-42A3-9474-1A3956D46DE8}") = "Dashboard", "Dashboard", "{3BDB7FFF-2519-46FC-B64F-BADF5A10DC05}"
EndProject
Project("{9A19103F-16F7-4668-BE54-9A1E7A4F7556}") = "Dashboard.Core", "src\Services\Dashboard\Dashboard.Core\Dashboard.Core.csproj", "{0E5ED727-BA41-458F-8F4B-F70E941610C7}"
EndProject
Project("{FAE04EC0-301F-11D3-BF4B-00C04F79EFBC}") = "Dashboard.Settings", "src\Services\Dashboard\Dashboard.Settings\Dashboard.Settings.csproj", "{6F22C61D-FEF6-4001-B194-7CCF10AD2F7B}"
EndProject
Project("{FAE04EC0-301F-11D3-BF4B-00C04F79EFBC}") = "Dashboard.Store", "src\Services\Dashboard\Dashboard.Store\Dashboard.Store.csproj", "{9A0F7779-C9E3-443C-BB29-EB367E8902BE}"
EndProject
Project("{FAE04EC0-301F-11D3-BF4B-00C04F79EFBC}") = "Dashboard.Helpers", "src\Services\Dashboard\Dashboard.Helpers\Dashboard.Helpers.csproj", "{EE1120CD-591A-441C-8C41-FA1B5C4BA409}"
EndProject
Project("{FAE04EC0-301F-11D3-BF4B-00C04F79EFBC}") = "Dashboard.Api.Core", "src\ApiEndpoints\Dashboard.Api.Core\Dashboard.Api.Core.csproj", "{FC2301B2-5E80-41B7-8552-9C15944B4509}"
EndProject
Global
	GlobalSection(SolutionConfigurationPlatforms) = preSolution
		Debug|Any CPU = Debug|Any CPU
		Release|Any CPU = Release|Any CPU
	EndGlobalSection
	GlobalSection(ProjectConfigurationPlatforms) = postSolution
		{C7228031-CFEF-419D-B209-C7EF33068D51}.Debug|Any CPU.ActiveCfg = Debug|Any CPU
		{C7228031-CFEF-419D-B209-C7EF33068D51}.Debug|Any CPU.Build.0 = Debug|Any CPU
		{C7228031-CFEF-419D-B209-C7EF33068D51}.Release|Any CPU.ActiveCfg = Release|Any CPU
		{C7228031-CFEF-419D-B209-C7EF33068D51}.Release|Any CPU.Build.0 = Release|Any CPU
		{5C33C791-DBBC-4503-8A1D-1BB075D65E43}.Debug|Any CPU.ActiveCfg = Debug|Any CPU
		{5C33C791-DBBC-4503-8A1D-1BB075D65E43}.Debug|Any CPU.Build.0 = Debug|Any CPU
		{5C33C791-DBBC-4503-8A1D-1BB075D65E43}.Release|Any CPU.ActiveCfg = Release|Any CPU
		{5C33C791-DBBC-4503-8A1D-1BB075D65E43}.Release|Any CPU.Build.0 = Release|Any CPU
		{6A4AEF9B-4E56-4AA7-B1F9-63EF31B7D2E6}.Debug|Any CPU.ActiveCfg = Debug|Any CPU
		{6A4AEF9B-4E56-4AA7-B1F9-63EF31B7D2E6}.Debug|Any CPU.Build.0 = Debug|Any CPU
		{6A4AEF9B-4E56-4AA7-B1F9-63EF31B7D2E6}.Release|Any CPU.ActiveCfg = Release|Any CPU
		{6A4AEF9B-4E56-4AA7-B1F9-63EF31B7D2E6}.Release|Any CPU.Build.0 = Release|Any CPU
		{0E5ED727-BA41-458F-8F4B-F70E941610C7}.Debug|Any CPU.ActiveCfg = Debug|Any CPU
		{0E5ED727-BA41-458F-8F4B-F70E941610C7}.Debug|Any CPU.Build.0 = Debug|Any CPU
		{0E5ED727-BA41-458F-8F4B-F70E941610C7}.Release|Any CPU.ActiveCfg = Release|Any CPU
		{0E5ED727-BA41-458F-8F4B-F70E941610C7}.Release|Any CPU.Build.0 = Release|Any CPU
		{6F22C61D-FEF6-4001-B194-7CCF10AD2F7B}.Debug|Any CPU.ActiveCfg = Debug|Any CPU
		{6F22C61D-FEF6-4001-B194-7CCF10AD2F7B}.Debug|Any CPU.Build.0 = Debug|Any CPU
		{6F22C61D-FEF6-4001-B194-7CCF10AD2F7B}.Release|Any CPU.ActiveCfg = Release|Any CPU
		{6F22C61D-FEF6-4001-B194-7CCF10AD2F7B}.Release|Any CPU.Build.0 = Release|Any CPU
		{9A0F7779-C9E3-443C-BB29-EB367E8902BE}.Debug|Any CPU.ActiveCfg = Debug|Any CPU
		{9A0F7779-C9E3-443C-BB29-EB367E8902BE}.Debug|Any CPU.Build.0 = Debug|Any CPU
		{9A0F7779-C9E3-443C-BB29-EB367E8902BE}.Release|Any CPU.ActiveCfg = Release|Any CPU
		{9A0F7779-C9E3-443C-BB29-EB367E8902BE}.Release|Any CPU.Build.0 = Release|Any CPU
		{EE1120CD-591A-441C-8C41-FA1B5C4BA409}.Debug|Any CPU.ActiveCfg = Debug|Any CPU
		{EE1120CD-591A-441C-8C41-FA1B5C4BA409}.Debug|Any CPU.Build.0 = Debug|Any CPU
		{EE1120CD-591A-441C-8C41-FA1B5C4BA409}.Release|Any CPU.ActiveCfg = Release|Any CPU
		{EE1120CD-591A-441C-8C41-FA1B5C4BA409}.Release|Any CPU.Build.0 = Release|Any CPU
		{FC2301B2-5E80-41B7-8552-9C15944B4509}.Debug|Any CPU.ActiveCfg = Debug|Any CPU
		{FC2301B2-5E80-41B7-8552-9C15944B4509}.Debug|Any CPU.Build.0 = Debug|Any CPU
		{FC2301B2-5E80-41B7-8552-9C15944B4509}.Release|Any CPU.ActiveCfg = Release|Any CPU
		{FC2301B2-5E80-41B7-8552-9C15944B4509}.Release|Any CPU.Build.0 = Release|Any CPU
	EndGlobalSection
	GlobalSection(SolutionProperties) = preSolution
		HideSolutionNode = FALSE
	EndGlobalSection
	GlobalSection(NestedProjects) = preSolution
		{4BFC6623-B308-4123-9731-AEB6511B5821} = {E3AE1524-73B9-423B-8B0F-4F9E5F3F30C7}
		{13DB7522-5147-43BB-B26C-439591BCB502} = {E3AE1524-73B9-423B-8B0F-4F9E5F3F30C7}
		{C97C289E-B4A3-4840-AD4D-0C7DAE4150C8} = {E3AE1524-73B9-423B-8B0F-4F9E5F3F30C7}
		{BBF55567-E0E1-413F-85D1-2C953991A9DD} = {4BFC6623-B308-4123-9731-AEB6511B5821}
		{C7228031-CFEF-419D-B209-C7EF33068D51} = {BBF55567-E0E1-413F-85D1-2C953991A9DD}
		{5C33C791-DBBC-4503-8A1D-1BB075D65E43} = {C97C289E-B4A3-4840-AD4D-0C7DAE4150C8}
		{6A4AEF9B-4E56-4AA7-B1F9-63EF31B7D2E6} = {3BDB7FFF-2519-46FC-B64F-BADF5A10DC05}
		{3BDB7FFF-2519-46FC-B64F-BADF5A10DC05} = {4BFC6623-B308-4123-9731-AEB6511B5821}
		{0E5ED727-BA41-458F-8F4B-F70E941610C7} = {3BDB7FFF-2519-46FC-B64F-BADF5A10DC05}
		{6F22C61D-FEF6-4001-B194-7CCF10AD2F7B} = {3BDB7FFF-2519-46FC-B64F-BADF5A10DC05}
		{9A0F7779-C9E3-443C-BB29-EB367E8902BE} = {3BDB7FFF-2519-46FC-B64F-BADF5A10DC05}
		{EE1120CD-591A-441C-8C41-FA1B5C4BA409} = {3BDB7FFF-2519-46FC-B64F-BADF5A10DC05}
		{FC2301B2-5E80-41B7-8552-9C15944B4509} = {C97C289E-B4A3-4840-AD4D-0C7DAE4150C8}
	EndGlobalSection
	GlobalSection(ExtensibilityGlobals) = postSolution
		SolutionGuid = {70077797-0A34-4801-8148-F7D2489AC21D}
	EndGlobalSection
EndGlobal
