
Microsoft Visual Studio Solution File, Format Version 12.00
# Visual Studio Version 16
VisualStudioVersion = 16.0.30804.86
MinimumVisualStudioVersion = 10.0.40219.1
Project("{2150E333-8FDC-42A3-9474-1A3956D46DE8}") = "Services", "Services", "{4BFC6623-B308-4123-9731-AEB6511B5821}"
EndProject
Project("{2150E333-8FDC-42A3-9474-1A3956D46DE8}") = "src", "src", "{E3AE1524-73B9-423B-8B0F-4F9E5F3F30C7}"
EndProject
Project("{2150E333-8FDC-42A3-9474-1A3956D46DE8}") = "Solution Items", "Solution Items", "{90B19446-65EE-4AF0-8EAB-3E2A9F9B3503}"
EndProject
Project("{2150E333-8FDC-42A3-9474-1A3956D46DE8}") = "BuildingBlocks", "BuildingBlocks", "{13DB7522-5147-43BB-B26C-439591BCB502}"
EndProject
Project("{2150E333-8FDC-42A3-9474-1A3956D46DE8}") = "Authentication", "Authentication", "{BBF55567-E0E1-413F-85D1-2C953991A9DD}"
EndProject
Project("{9A19103F-16F7-4668-BE54-9A1E7A4F7556}") = "Authentication.API", "Authentication.API\Authentication.API.csproj", "{C7228031-CFEF-419D-B209-C7EF33068D51}"
EndProject
Project("{2150E333-8FDC-42A3-9474-1A3956D46DE8}") = "Media", "Media", "{7493604C-5A87-4A0F-91A3-8C1F2F63CAB7}"
EndProject
Project("{9A19103F-16F7-4668-BE54-9A1E7A4F7556}") = "Media.API", "src\Services\Media\Media.API\Media.API.csproj", "{4E835B6D-8110-48D0-A0BE-6F3338A14E63}"
EndProject
Project("{E53339B2-1760-4266-BCC7-CA923CBCF16C}") = "docker-compose", "docker-compose.dcproj", "{CAD9B6E0-7D77-4CB2-96D9-93CA7658ABEB}"
EndProject
Global
	GlobalSection(SolutionConfigurationPlatforms) = preSolution
		Debug|Any CPU = Debug|Any CPU
		Release|Any CPU = Release|Any CPU
	EndGlobalSection
	GlobalSection(ProjectConfigurationPlatforms) = postSolution
		{C7228031-CFEF-419D-B209-C7EF33068D51}.Debug|Any CPU.ActiveCfg = Debug|Any CPU
		{C7228031-CFEF-419D-B209-C7EF33068D51}.Debug|Any CPU.Build.0 = Debug|Any CPU
		{C7228031-CFEF-419D-B209-C7EF33068D51}.Release|Any CPU.ActiveCfg = Release|Any CPU
		{C7228031-CFEF-419D-B209-C7EF33068D51}.Release|Any CPU.Build.0 = Release|Any CPU
		{4E835B6D-8110-48D0-A0BE-6F3338A14E63}.Debug|Any CPU.ActiveCfg = Debug|Any CPU
		{4E835B6D-8110-48D0-A0BE-6F3338A14E63}.Debug|Any CPU.Build.0 = Debug|Any CPU
		{4E835B6D-8110-48D0-A0BE-6F3338A14E63}.Release|Any CPU.ActiveCfg = Release|Any CPU
		{4E835B6D-8110-48D0-A0BE-6F3338A14E63}.Release|Any CPU.Build.0 = Release|Any CPU
		{CAD9B6E0-7D77-4CB2-96D9-93CA7658ABEB}.Debug|Any CPU.ActiveCfg = Debug|Any CPU
		{CAD9B6E0-7D77-4CB2-96D9-93CA7658ABEB}.Debug|Any CPU.Build.0 = Debug|Any CPU
		{CAD9B6E0-7D77-4CB2-96D9-93CA7658ABEB}.Release|Any CPU.ActiveCfg = Release|Any CPU
		{CAD9B6E0-7D77-4CB2-96D9-93CA7658ABEB}.Release|Any CPU.Build.0 = Release|Any CPU
	EndGlobalSection
	GlobalSection(SolutionProperties) = preSolution
		HideSolutionNode = FALSE
	EndGlobalSection
	GlobalSection(NestedProjects) = preSolution
		{4BFC6623-B308-4123-9731-AEB6511B5821} = {E3AE1524-73B9-423B-8B0F-4F9E5F3F30C7}
		{13DB7522-5147-43BB-B26C-439591BCB502} = {E3AE1524-73B9-423B-8B0F-4F9E5F3F30C7}
		{BBF55567-E0E1-413F-85D1-2C953991A9DD} = {4BFC6623-B308-4123-9731-AEB6511B5821}
		{C7228031-CFEF-419D-B209-C7EF33068D51} = {BBF55567-E0E1-413F-85D1-2C953991A9DD}
		{7493604C-5A87-4A0F-91A3-8C1F2F63CAB7} = {4BFC6623-B308-4123-9731-AEB6511B5821}
		{4E835B6D-8110-48D0-A0BE-6F3338A14E63} = {7493604C-5A87-4A0F-91A3-8C1F2F63CAB7}
	EndGlobalSection
	GlobalSection(ExtensibilityGlobals) = postSolution
		SolutionGuid = {70077797-0A34-4801-8148-F7D2489AC21D}
	EndGlobalSection
EndGlobal
